// !$*UTF8*$!
{
	archiveVersion = 1;
	classes = {
	};
	objectVersion = 50;
	objects = {

/* Begin PBXBuildFile section */
		9EB8F5DC2383C8C100B74539 /* AppDelegate.swift in Sources */ = {isa = PBXBuildFile; fileRef = 9EB8F5DB2383C8C100B74539 /* AppDelegate.swift */; };
		9EB8F5DE2383C8C100B74539 /* SceneDelegate.swift in Sources */ = {isa = PBXBuildFile; fileRef = 9EB8F5DD2383C8C100B74539 /* SceneDelegate.swift */; };
		9EB8F5E12383C8C100B74539 /* Bookworm.xcdatamodeld in Sources */ = {isa = PBXBuildFile; fileRef = 9EB8F5DF2383C8C100B74539 /* Bookworm.xcdatamodeld */; };
		9EB8F5E32383C8C100B74539 /* ContentView.swift in Sources */ = {isa = PBXBuildFile; fileRef = 9EB8F5E22383C8C100B74539 /* ContentView.swift */; };
		9EB8F5E52383C8C500B74539 /* Assets.xcassets in Resources */ = {isa = PBXBuildFile; fileRef = 9EB8F5E42383C8C500B74539 /* Assets.xcassets */; };
		9EB8F5E82383C8C500B74539 /* Preview Assets.xcassets in Resources */ = {isa = PBXBuildFile; fileRef = 9EB8F5E72383C8C500B74539 /* Preview Assets.xcassets */; };
		9EB8F5EB2383C8C500B74539 /* LaunchScreen.storyboard in Resources */ = {isa = PBXBuildFile; fileRef = 9EB8F5E92383C8C500B74539 /* LaunchScreen.storyboard */; };
		9EB8F5F42383C91800B74539 /* AddBookView.swift in Sources */ = {isa = PBXBuildFile; fileRef = 9EB8F5F32383C91800B74539 /* AddBookView.swift */; };
		9EB8F5F62383CEBD00B74539 /* RatingView.swift in Sources */ = {isa = PBXBuildFile; fileRef = 9EB8F5F52383CEBD00B74539 /* RatingView.swift */; };
		9EB8F5F82383D05900B74539 /* EmojiRatingView.swift in Sources */ = {isa = PBXBuildFile; fileRef = 9EB8F5F72383D05900B74539 /* EmojiRatingView.swift */; };
		9EB8F5FA2383D35900B74539 /* DetailView.swift in Sources */ = {isa = PBXBuildFile; fileRef = 9EB8F5F92383D35900B74539 /* DetailView.swift */; };
/* End PBXBuildFile section */

/* Begin PBXFileReference section */
		9EB8F5D82383C8C100B74539 /* Bookworm.app */ = {isa = PBXFileReference; explicitFileType = wrapper.application; includeInIndex = 0; path = Bookworm.app; sourceTree = BUILT_PRODUCTS_DIR; };
		9EB8F5DB2383C8C100B74539 /* AppDelegate.swift */ = {isa = PBXFileReference; lastKnownFileType = sourcecode.swift; path = AppDelegate.swift; sourceTree = "<group>"; };
		9EB8F5DD2383C8C100B74539 /* SceneDelegate.swift */ = {isa = PBXFileReference; lastKnownFileType = sourcecode.swift; path = SceneDelegate.swift; sourceTree = "<group>"; };
		9EB8F5E02383C8C100B74539 /* Bookworm.xcdatamodel */ = {isa = PBXFileReference; lastKnownFileType = wrapper.xcdatamodel; path = Bookworm.xcdatamodel; sourceTree = "<group>"; };
		9EB8F5E22383C8C100B74539 /* ContentView.swift */ = {isa = PBXFileReference; lastKnownFileType = sourcecode.swift; path = ContentView.swift; sourceTree = "<group>"; };
		9EB8F5E42383C8C500B74539 /* Assets.xcassets */ = {isa = PBXFileReference; lastKnownFileType = folder.assetcatalog; path = Assets.xcassets; sourceTree = "<group>"; };
		9EB8F5E72383C8C500B74539 /* Preview Assets.xcassets */ = {isa = PBXFileReference; lastKnownFileType = folder.assetcatalog; path = "Preview Assets.xcassets"; sourceTree = "<group>"; };
		9EB8F5EA2383C8C500B74539 /* Base */ = {isa = PBXFileReference; lastKnownFileType = file.storyboard; name = Base; path = Base.lproj/LaunchScreen.storyboard; sourceTree = "<group>"; };
		9EB8F5EC2383C8C500B74539 /* Info.plist */ = {isa = PBXFileReference; lastKnownFileType = text.plist.xml; path = Info.plist; sourceTree = "<group>"; };
		9EB8F5F32383C91800B74539 /* AddBookView.swift */ = {isa = PBXFileReference; lastKnownFileType = sourcecode.swift; path = AddBookView.swift; sourceTree = "<group>"; };
		9EB8F5F52383CEBD00B74539 /* RatingView.swift */ = {isa = PBXFileReference; lastKnownFileType = sourcecode.swift; path = RatingView.swift; sourceTree = "<group>"; };
		9EB8F5F72383D05900B74539 /* EmojiRatingView.swift */ = {isa = PBXFileReference; lastKnownFileType = sourcecode.swift; path = EmojiRatingView.swift; sourceTree = "<group>"; };
		9EB8F5F92383D35900B74539 /* DetailView.swift */ = {isa = PBXFileReference; lastKnownFileType = sourcecode.swift; path = DetailView.swift; sourceTree = "<group>"; };
/* End PBXFileReference section */

/* Begin PBXFrameworksBuildPhase section */
		9EB8F5D52383C8C100B74539 /* Frameworks */ = {
			isa = PBXFrameworksBuildPhase;
			buildActionMask = 2147483647;
			files = (
			);
			runOnlyForDeploymentPostprocessing = 0;
		};
/* End PBXFrameworksBuildPhase section */

/* Begin PBXGroup section */
		9EB8F5CF2383C8C100B74539 = {
			isa = PBXGroup;
			children = (
				9EB8F5DA2383C8C100B74539 /* Bookworm */,
				9EB8F5D92383C8C100B74539 /* Products */,
			);
			sourceTree = "<group>";
		};
		9EB8F5D92383C8C100B74539 /* Products */ = {
			isa = PBXGroup;
			children = (
				9EB8F5D82383C8C100B74539 /* Bookworm.app */,
			);
			name = Products;
			sourceTree = "<group>";
		};
		9EB8F5DA2383C8C100B74539 /* Bookworm */ = {
			isa = PBXGroup;
			children = (
				9EB8F5F22383C90D00B74539 /* Views */,
				9EB8F5DB2383C8C100B74539 /* AppDelegate.swift */,
				9EB8F5DD2383C8C100B74539 /* SceneDelegate.swift */,
				9EB8F5E22383C8C100B74539 /* ContentView.swift */,
				9EB8F5E42383C8C500B74539 /* Assets.xcassets */,
				9EB8F5E92383C8C500B74539 /* LaunchScreen.storyboard */,
				9EB8F5EC2383C8C500B74539 /* Info.plist */,
				9EB8F5DF2383C8C100B74539 /* Bookworm.xcdatamodeld */,
				9EB8F5E62383C8C500B74539 /* Preview Content */,
			);
			path = Bookworm;
			sourceTree = "<group>";
		};
		9EB8F5E62383C8C500B74539 /* Preview Content */ = {
			isa = PBXGroup;
			children = (
				9EB8F5E72383C8C500B74539 /* Preview Assets.xcassets */,
			);
			path = "Preview Content";
			sourceTree = "<group>";
		};
		9EB8F5F22383C90D00B74539 /* Views */ = {
			isa = PBXGroup;
			children = (
				9EB8F5F32383C91800B74539 /* AddBookView.swift */,
				9EB8F5F52383CEBD00B74539 /* RatingView.swift */,
				9EB8F5F72383D05900B74539 /* EmojiRatingView.swift */,
				9EB8F5F92383D35900B74539 /* DetailView.swift */,
			);
			path = Views;
			sourceTree = "<group>";
		};
/* End PBXGroup section */

/* Begin PBXNativeTarget section */
		9EB8F5D72383C8C100B74539 /* Bookworm */ = {
			isa = PBXNativeTarget;
			buildConfigurationList = 9EB8F5EF2383C8C500B74539 /* Build configuration list for PBXNativeTarget "Bookworm" */;
			buildPhases = (
				9EB8F5D42383C8C100B74539 /* Sources */,
				9EB8F5D52383C8C100B74539 /* Frameworks */,
				9EB8F5D62383C8C100B74539 /* Resources */,
			);
			buildRules = (
			);
			dependencies = (
			);
			name = Bookworm;
			productName = Bookworm;
			productReference = 9EB8F5D82383C8C100B74539 /* Bookworm.app */;
			productType = "com.apple.product-type.application";
		};
/* End PBXNativeTarget section */

/* Begin PBXProject section */
		9EB8F5D02383C8C100B74539 /* Project object */ = {
			isa = PBXProject;
			attributes = {
				LastSwiftUpdateCheck = 1120;
				LastUpgradeCheck = 1120;
				ORGANIZATIONNAME = AppCompany;
				TargetAttributes = {
					9EB8F5D72383C8C100B74539 = {
						CreatedOnToolsVersion = 11.2.1;
					};
				};
			};
			buildConfigurationList = 9EB8F5D32383C8C100B74539 /* Build configuration list for PBXProject "Bookworm" */;
			compatibilityVersion = "Xcode 9.3";
			developmentRegion = en;
			hasScannedForEncodings = 0;
			knownRegions = (
				en,
				Base,
			);
			mainGroup = 9EB8F5CF2383C8C100B74539;
			productRefGroup = 9EB8F5D92383C8C100B74539 /* Products */;
			projectDirPath = "";
			projectRoot = "";
			targets = (
				9EB8F5D72383C8C100B74539 /* Bookworm */,
			);
		};
/* End PBXProject section */

/* Begin PBXResourcesBuildPhase section */
		9EB8F5D62383C8C100B74539 /* Resources */ = {
			isa = PBXResourcesBuildPhase;
			buildActionMask = 2147483647;
			files = (
				9EB8F5EB2383C8C500B74539 /* LaunchScreen.storyboard in Resources */,
				9EB8F5E82383C8C500B74539 /* Preview Assets.xcassets in Resources */,
				9EB8F5E52383C8C500B74539 /* Assets.xcassets in Resources */,
			);
			runOnlyForDeploymentPostprocessing = 0;
		};
/* End PBXResourcesBuildPhase section */

/* Begin PBXSourcesBuildPhase section */
		9EB8F5D42383C8C100B74539 /* Sources */ = {
			isa = PBXSourcesBuildPhase;
			buildActionMask = 2147483647;
			files = (
				9EB8F5DC2383C8C100B74539 /* AppDelegate.swift in Sources */,
				9EB8F5FA2383D35900B74539 /* DetailView.swift in Sources */,
				9EB8F5E12383C8C100B74539 /* Bookworm.xcdatamodeld in Sources */,
				9EB8F5F82383D05900B74539 /* EmojiRatingView.swift in Sources */,
				9EB8F5E32383C8C100B74539 /* ContentView.swift in Sources */,
				9EB8F5F62383CEBD00B74539 /* RatingView.swift in Sources */,
				9EB8F5DE2383C8C100B74539 /* SceneDelegate.swift in Sources */,
				9EB8F5F42383C91800B74539 /* AddBookView.swift in Sources */,
			);
			runOnlyForDeploymentPostprocessing = 0;
		};
/* End PBXSourcesBuildPhase section */

/* Begin PBXVariantGroup section */
		9EB8F5E92383C8C500B74539 /* LaunchScreen.storyboard */ = {
			isa = PBXVariantGroup;
			children = (
				9EB8F5EA2383C8C500B74539 /* Base */,
			);
			name = LaunchScreen.storyboard;
			sourceTree = "<group>";
		};
/* End PBXVariantGroup section */

/* Begin XCBuildConfiguration section */
		9EB8F5ED2383C8C500B74539 /* Debug */ = {
			isa = XCBuildConfiguration;
			buildSettings = {
				ALWAYS_SEARCH_USER_PATHS = NO;
				CLANG_ANALYZER_NONNULL = YES;
				CLANG_ANALYZER_NUMBER_OBJECT_CONVERSION = YES_AGGRESSIVE;
				CLANG_CXX_LANGUAGE_STANDARD = "gnu++14";
				CLANG_CXX_LIBRARY = "libc++";
				CLANG_ENABLE_MODULES = YES;
				CLANG_ENABLE_OBJC_ARC = YES;
				CLANG_ENABLE_OBJC_WEAK = YES;
				CLANG_WARN_BLOCK_CAPTURE_AUTORELEASING = YES;
				CLANG_WARN_BOOL_CONVERSION = YES;
				CLANG_WARN_COMMA = YES;
				CLANG_WARN_CONSTANT_CONVERSION = YES;
				CLANG_WARN_DEPRECATED_OBJC_IMPLEMENTATIONS = YES;
				CLANG_WARN_DIRECT_OBJC_ISA_USAGE = YES_ERROR;
				CLANG_WARN_DOCUMENTATION_COMMENTS = YES;
				CLANG_WARN_EMPTY_BODY = YES;
				CLANG_WARN_ENUM_CONVERSION = YES;
				CLANG_WARN_INFINITE_RECURSION = YES;
				CLANG_WARN_INT_CONVERSION = YES;
				CLANG_WARN_NON_LITERAL_NULL_CONVERSION = YES;
				CLANG_WARN_OBJC_IMPLICIT_RETAIN_SELF = YES;
				CLANG_WARN_OBJC_LITERAL_CONVERSION = YES;
				CLANG_WARN_OBJC_ROOT_CLASS = YES_ERROR;
				CLANG_WARN_RANGE_LOOP_ANALYSIS = YES;
				CLANG_WARN_STRICT_PROTOTYPES = YES;
				CLANG_WARN_SUSPICIOUS_MOVE = YES;
				CLANG_WARN_UNGUARDED_AVAILABILITY = YES_AGGRESSIVE;
				CLANG_WARN_UNREACHABLE_CODE = YES;
				CLANG_WARN__DUPLICATE_METHOD_MATCH = YES;
				COPY_PHASE_STRIP = NO;
				DEBUG_INFORMATION_FORMAT = dwarf;
				ENABLE_STRICT_OBJC_MSGSEND = YES;
				ENABLE_TESTABILITY = YES;
				GCC_C_LANGUAGE_STANDARD = gnu11;
				GCC_DYNAMIC_NO_PIC = NO;
				GCC_NO_COMMON_BLOCKS = YES;
				GCC_OPTIMIZATION_LEVEL = 0;
				GCC_PREPROCESSOR_DEFINITIONS = (
					"DEBUG=1",
					"$(inherited)",
				);
				GCC_WARN_64_TO_32_BIT_CONVERSION = YES;
				GCC_WARN_ABOUT_RETURN_TYPE = YES_ERROR;
				GCC_WARN_UNDECLARED_SELECTOR = YES;
				GCC_WARN_UNINITIALIZED_AUTOS = YES_AGGRESSIVE;
				GCC_WARN_UNUSED_FUNCTION = YES;
				GCC_WARN_UNUSED_VARIABLE = YES;
				IPHONEOS_DEPLOYMENT_TARGET = 13.2;
				MTL_ENABLE_DEBUG_INFO = INCLUDE_SOURCE;
				MTL_FAST_MATH = YES;
				ONLY_ACTIVE_ARCH = YES;
				SDKROOT = iphoneos;
				SWIFT_ACTIVE_COMPILATION_CONDITIONS = DEBUG;
				SWIFT_OPTIMIZATION_LEVEL = "-Onone";
			};
			name = Debug;
		};
		9EB8F5EE2383C8C500B74539 /* Release */ = {
			isa = XCBuildConfiguration;
			buildSettings = {
				ALWAYS_SEARCH_USER_PATHS = NO;
				CLANG_ANALYZER_NONNULL = YES;
				CLANG_ANALYZER_NUMBER_OBJECT_CONVERSION = YES_AGGRESSIVE;
				CLANG_CXX_LANGUAGE_STANDARD = "gnu++14";
				CLANG_CXX_LIBRARY = "libc++";
				CLANG_ENABLE_MODULES = YES;
				CLANG_ENABLE_OBJC_ARC = YES;
				CLANG_ENABLE_OBJC_WEAK = YES;
				CLANG_WARN_BLOCK_CAPTURE_AUTORELEASING = YES;
				CLANG_WARN_BOOL_CONVERSION = YES;
				CLANG_WARN_COMMA = YES;
				CLANG_WARN_CONSTANT_CONVERSION = YES;
				CLANG_WARN_DEPRECATED_OBJC_IMPLEMENTATIONS = YES;
				CLANG_WARN_DIRECT_OBJC_ISA_USAGE = YES_ERROR;
				CLANG_WARN_DOCUMENTATION_COMMENTS = YES;
				CLANG_WARN_EMPTY_BODY = YES;
				CLANG_WARN_ENUM_CONVERSION = YES;
				CLANG_WARN_INFINITE_RECURSION = YES;
				CLANG_WARN_INT_CONVERSION = YES;
				CLANG_WARN_NON_LITERAL_NULL_CONVERSION = YES;
				CLANG_WARN_OBJC_IMPLICIT_RETAIN_SELF = YES;
				CLANG_WARN_OBJC_LITERAL_CONVERSION = YES;
				CLANG_WARN_OBJC_ROOT_CLASS = YES_ERROR;
				CLANG_WARN_RANGE_LOOP_ANALYSIS = YES;
				CLANG_WARN_STRICT_PROTOTYPES = YES;
				CLANG_WARN_SUSPICIOUS_MOVE = YES;
				CLANG_WARN_UNGUARDED_AVAILABILITY = YES_AGGRESSIVE;
				CLANG_WARN_UNREACHABLE_CODE = YES;
				CLANG_WARN__DUPLICATE_METHOD_MATCH = YES;
				COPY_PHASE_STRIP = NO;
				DEBUG_INFORMATION_FORMAT = "dwarf-with-dsym";
				ENABLE_NS_ASSERTIONS = NO;
				ENABLE_STRICT_OBJC_MSGSEND = YES;
				GCC_C_LANGUAGE_STANDARD = gnu11;
				GCC_NO_COMMON_BLOCKS = YES;
				GCC_WARN_64_TO_32_BIT_CONVERSION = YES;
				GCC_WARN_ABOUT_RETURN_TYPE = YES_ERROR;
				GCC_WARN_UNDECLARED_SELECTOR = YES;
				GCC_WARN_UNINITIALIZED_AUTOS = YES_AGGRESSIVE;
				GCC_WARN_UNUSED_FUNCTION = YES;
				GCC_WARN_UNUSED_VARIABLE = YES;
				IPHONEOS_DEPLOYMENT_TARGET = 13.2;
				MTL_ENABLE_DEBUG_INFO = NO;
				MTL_FAST_MATH = YES;
				SDKROOT = iphoneos;
				SWIFT_COMPILATION_MODE = wholemodule;
				SWIFT_OPTIMIZATION_LEVEL = "-O";
				VALIDATE_PRODUCT = YES;
			};
			name = Release;
		};
		9EB8F5F02383C8C500B74539 /* Debug */ = {
			isa = XCBuildConfiguration;
			buildSettings = {
				ASSETCATALOG_COMPILER_APPICON_NAME = AppIcon;
				CODE_SIGN_STYLE = Automatic;
				DEVELOPMENT_ASSET_PATHS = "\"Bookworm/Preview Content\"";
				ENABLE_PREVIEWS = YES;
				INFOPLIST_FILE = Bookworm/Info.plist;
				LD_RUNPATH_SEARCH_PATHS = (
					"$(inherited)",
					"@executable_path/Frameworks",
				);
				PRODUCT_BUNDLE_IDENTIFIER = com.appcompany.Bookworm;
				PRODUCT_NAME = "$(TARGET_NAME)";
				SWIFT_VERSION = 5.0;
				TARGETED_DEVICE_FAMILY = "1,2";
			};
			name = Debug;
		};
		9EB8F5F12383C8C500B74539 /* Release */ = {
			isa = XCBuildConfiguration;
			buildSettings = {
				ASSETCATALOG_COMPILER_APPICON_NAME = AppIcon;
				CODE_SIGN_STYLE = Automatic;
				DEVELOPMENT_ASSET_PATHS = "\"Bookworm/Preview Content\"";
				ENABLE_PREVIEWS = YES;
				INFOPLIST_FILE = Bookworm/Info.plist;
				LD_RUNPATH_SEARCH_PATHS = (
					"$(inherited)",
					"@executable_path/Frameworks",
				);
				PRODUCT_BUNDLE_IDENTIFIER = com.appcompany.Bookworm;
				PRODUCT_NAME = "$(TARGET_NAME)";
				SWIFT_VERSION = 5.0;
				TARGETED_DEVICE_FAMILY = "1,2";
			};
			name = Release;
		};
/* End XCBuildConfiguration section */

/* Begin XCConfigurationList section */
		9EB8F5D32383C8C100B74539 /* Build configuration list for PBXProject "Bookworm" */ = {
			isa = XCConfigurationList;
			buildConfigurations = (
				9EB8F5ED2383C8C500B74539 /* Debug */,
				9EB8F5EE2383C8C500B74539 /* Release */,
			);
			defaultConfigurationIsVisible = 0;
			defaultConfigurationName = Release;
		};
		9EB8F5EF2383C8C500B74539 /* Build configuration list for PBXNativeTarget "Bookworm" */ = {
			isa = XCConfigurationList;
			buildConfigurations = (
				9EB8F5F02383C8C500B74539 /* Debug */,
				9EB8F5F12383C8C500B74539 /* Release */,
			);
			defaultConfigurationIsVisible = 0;
			defaultConfigurationName = Release;
		};
/* End XCConfigurationList section */

/* Begin XCVersionGroup section */
		9EB8F5DF2383C8C100B74539 /* Bookworm.xcdatamodeld */ = {
			isa = XCVersionGroup;
			children = (
				9EB8F5E02383C8C100B74539 /* Bookworm.xcdatamodel */,
			);
			currentVersion = 9EB8F5E02383C8C100B74539 /* Bookworm.xcdatamodel */;
			path = Bookworm.xcdatamodeld;
			sourceTree = "<group>";
			versionGroupType = wrapper.xcdatamodel;
		};
/* End XCVersionGroup section */
	};
	rootObject = 9EB8F5D02383C8C100B74539 /* Project object */;
}
