// !$*UTF8*$!
{
	archiveVersion = 1;
	classes = {
	};
	objectVersion = 50;
	objects = {

/* Begin PBXBuildFile section */
		9E4CBF36235E1C1400E86182 /* AppDelegate.swift in Sources */ = {isa = PBXBuildFile; fileRef = 9E4CBF35235E1C1400E86182 /* AppDelegate.swift */; };
		9E4CBF38235E1C1400E86182 /* SceneDelegate.swift in Sources */ = {isa = PBXBuildFile; fileRef = 9E4CBF37235E1C1400E86182 /* SceneDelegate.swift */; };
		9E4CBF3A235E1C1400E86182 /* ContentView.swift in Sources */ = {isa = PBXBuildFile; fileRef = 9E4CBF39235E1C1400E86182 /* ContentView.swift */; };
		9E4CBF3C235E1C1700E86182 /* Assets.xcassets in Resources */ = {isa = PBXBuildFile; fileRef = 9E4CBF3B235E1C1700E86182 /* Assets.xcassets */; };
		9E4CBF3F235E1C1700E86182 /* Preview Assets.xcassets in Resources */ = {isa = PBXBuildFile; fileRef = 9E4CBF3E235E1C1700E86182 /* Preview Assets.xcassets */; };
		9E4CBF42235E1C1700E86182 /* LaunchScreen.storyboard in Resources */ = {isa = PBXBuildFile; fileRef = 9E4CBF40235E1C1700E86182 /* LaunchScreen.storyboard */; };
/* End PBXBuildFile section */

/* Begin PBXFileReference section */
		9E4CBF32235E1C1400E86182 /* WeRock.app */ = {isa = PBXFileReference; explicitFileType = wrapper.application; includeInIndex = 0; path = WeRock.app; sourceTree = BUILT_PRODUCTS_DIR; };
		9E4CBF35235E1C1400E86182 /* AppDelegate.swift */ = {isa = PBXFileReference; lastKnownFileType = sourcecode.swift; path = AppDelegate.swift; sourceTree = "<group>"; };
		9E4CBF37235E1C1400E86182 /* SceneDelegate.swift */ = {isa = PBXFileReference; lastKnownFileType = sourcecode.swift; path = SceneDelegate.swift; sourceTree = "<group>"; };
		9E4CBF39235E1C1400E86182 /* ContentView.swift */ = {isa = PBXFileReference; lastKnownFileType = sourcecode.swift; path = ContentView.swift; sourceTree = "<group>"; };
		9E4CBF3B235E1C1700E86182 /* Assets.xcassets */ = {isa = PBXFileReference; lastKnownFileType = folder.assetcatalog; path = Assets.xcassets; sourceTree = "<group>"; };
		9E4CBF3E235E1C1700E86182 /* Preview Assets.xcassets */ = {isa = PBXFileReference; lastKnownFileType = folder.assetcatalog; path = "Preview Assets.xcassets"; sourceTree = "<group>"; };
		9E4CBF41235E1C1700E86182 /* Base */ = {isa = PBXFileReference; lastKnownFileType = file.storyboard; name = Base; path = Base.lproj/LaunchScreen.storyboard; sourceTree = "<group>"; };
		9E4CBF43235E1C1700E86182 /* Info.plist */ = {isa = PBXFileReference; lastKnownFileType = text.plist.xml; path = Info.plist; sourceTree = "<group>"; };
/* End PBXFileReference section */

/* Begin PBXFrameworksBuildPhase section */
		9E4CBF2F235E1C1400E86182 /* Frameworks */ = {
			isa = PBXFrameworksBuildPhase;
			buildActionMask = 2147483647;
			files = (
			);
			runOnlyForDeploymentPostprocessing = 0;
		};
/* End PBXFrameworksBuildPhase section */

/* Begin PBXGroup section */
		9E4CBF29235E1C1400E86182 = {
			isa = PBXGroup;
			children = (
				9E4CBF34235E1C1400E86182 /* WeRock */,
				9E4CBF33235E1C1400E86182 /* Products */,
			);
			sourceTree = "<group>";
		};
		9E4CBF33235E1C1400E86182 /* Products */ = {
			isa = PBXGroup;
			children = (
				9E4CBF32235E1C1400E86182 /* WeRock.app */,
			);
			name = Products;
			sourceTree = "<group>";
		};
		9E4CBF34235E1C1400E86182 /* WeRock */ = {
			isa = PBXGroup;
			children = (
				9E4CBF35235E1C1400E86182 /* AppDelegate.swift */,
				9E4CBF37235E1C1400E86182 /* SceneDelegate.swift */,
				9E4CBF39235E1C1400E86182 /* ContentView.swift */,
				9E4CBF3B235E1C1700E86182 /* Assets.xcassets */,
				9E4CBF40235E1C1700E86182 /* LaunchScreen.storyboard */,
				9E4CBF43235E1C1700E86182 /* Info.plist */,
				9E4CBF3D235E1C1700E86182 /* Preview Content */,
			);
			path = WeRock;
			sourceTree = "<group>";
		};
		9E4CBF3D235E1C1700E86182 /* Preview Content */ = {
			isa = PBXGroup;
			children = (
				9E4CBF3E235E1C1700E86182 /* Preview Assets.xcassets */,
			);
			path = "Preview Content";
			sourceTree = "<group>";
		};
/* End PBXGroup section */

/* Begin PBXNativeTarget section */
		9E4CBF31235E1C1400E86182 /* WeRock */ = {
			isa = PBXNativeTarget;
			buildConfigurationList = 9E4CBF46235E1C1700E86182 /* Build configuration list for PBXNativeTarget "WeRock" */;
			buildPhases = (
				9E4CBF2E235E1C1400E86182 /* Sources */,
				9E4CBF2F235E1C1400E86182 /* Frameworks */,
				9E4CBF30235E1C1400E86182 /* Resources */,
			);
			buildRules = (
			);
			dependencies = (
			);
			name = WeRock;
			productName = WeRock;
			productReference = 9E4CBF32235E1C1400E86182 /* WeRock.app */;
			productType = "com.apple.product-type.application";
		};
/* End PBXNativeTarget section */

/* Begin PBXProject section */
		9E4CBF2A235E1C1400E86182 /* Project object */ = {
			isa = PBXProject;
			attributes = {
				LastSwiftUpdateCheck = 1110;
				LastUpgradeCheck = 1110;
				ORGANIZATIONNAME = ApCompany;
				TargetAttributes = {
					9E4CBF31235E1C1400E86182 = {
						CreatedOnToolsVersion = 11.1;
					};
				};
			};
			buildConfigurationList = 9E4CBF2D235E1C1400E86182 /* Build configuration list for PBXProject "WeRock" */;
			compatibilityVersion = "Xcode 9.3";
			developmentRegion = en;
			hasScannedForEncodings = 0;
			knownRegions = (
				en,
				Base,
			);
			mainGroup = 9E4CBF29235E1C1400E86182;
			productRefGroup = 9E4CBF33235E1C1400E86182 /* Products */;
			projectDirPath = "";
			projectRoot = "";
			targets = (
				9E4CBF31235E1C1400E86182 /* WeRock */,
			);
		};
/* End PBXProject section */

/* Begin PBXResourcesBuildPhase section */
		9E4CBF30235E1C1400E86182 /* Resources */ = {
			isa = PBXResourcesBuildPhase;
			buildActionMask = 2147483647;
			files = (
				9E4CBF42235E1C1700E86182 /* LaunchScreen.storyboard in Resources */,
				9E4CBF3F235E1C1700E86182 /* Preview Assets.xcassets in Resources */,
				9E4CBF3C235E1C1700E86182 /* Assets.xcassets in Resources */,
			);
			runOnlyForDeploymentPostprocessing = 0;
		};
/* End PBXResourcesBuildPhase section */

/* Begin PBXSourcesBuildPhase section */
		9E4CBF2E235E1C1400E86182 /* Sources */ = {
			isa = PBXSourcesBuildPhase;
			buildActionMask = 2147483647;
			files = (
				9E4CBF36235E1C1400E86182 /* AppDelegate.swift in Sources */,
				9E4CBF38235E1C1400E86182 /* SceneDelegate.swift in Sources */,
				9E4CBF3A235E1C1400E86182 /* ContentView.swift in Sources */,
			);
			runOnlyForDeploymentPostprocessing = 0;
		};
/* End PBXSourcesBuildPhase section */

/* Begin PBXVariantGroup section */
		9E4CBF40235E1C1700E86182 /* LaunchScreen.storyboard */ = {
			isa = PBXVariantGroup;
			children = (
				9E4CBF41235E1C1700E86182 /* Base */,
			);
			name = LaunchScreen.storyboard;
			sourceTree = "<group>";
		};
/* End PBXVariantGroup section */

/* Begin XCBuildConfiguration section */
		9E4CBF44235E1C1700E86182 /* Debug */ = {
			isa = XCBuildConfiguration;
			buildSettings = {
				ALWAYS_SEARCH_USER_PATHS = NO;
				CLANG_ANALYZER_NONNULL = YES;
				CLANG_ANALYZER_NUMBER_OBJECT_CONVERSION = YES_AGGRESSIVE;
				CLANG_CXX_LANGUAGE_STANDARD = "gnu++14";
				CLANG_CXX_LIBRARY = "libc++";
				CLANG_ENABLE_MODULES = YES;
				CLANG_ENABLE_OBJC_ARC = YES;
				CLANG_ENABLE_OBJC_WEAK = YES;
				CLANG_WARN_BLOCK_CAPTURE_AUTORELEASING = YES;
				CLANG_WARN_BOOL_CONVERSION = YES;
				CLANG_WARN_COMMA = YES;
				CLANG_WARN_CONSTANT_CONVERSION = YES;
				CLANG_WARN_DEPRECATED_OBJC_IMPLEMENTATIONS = YES;
				CLANG_WARN_DIRECT_OBJC_ISA_USAGE = YES_ERROR;
				CLANG_WARN_DOCUMENTATION_COMMENTS = YES;
				CLANG_WARN_EMPTY_BODY = YES;
				CLANG_WARN_ENUM_CONVERSION = YES;
				CLANG_WARN_INFINITE_RECURSION = YES;
				CLANG_WARN_INT_CONVERSION = YES;
				CLANG_WARN_NON_LITERAL_NULL_CONVERSION = YES;
				CLANG_WARN_OBJC_IMPLICIT_RETAIN_SELF = YES;
				CLANG_WARN_OBJC_LITERAL_CONVERSION = YES;
				CLANG_WARN_OBJC_ROOT_CLASS = YES_ERROR;
				CLANG_WARN_RANGE_LOOP_ANALYSIS = YES;
				CLANG_WARN_STRICT_PROTOTYPES = YES;
				CLANG_WARN_SUSPICIOUS_MOVE = YES;
				CLANG_WARN_UNGUARDED_AVAILABILITY = YES_AGGRESSIVE;
				CLANG_WARN_UNREACHABLE_CODE = YES;
				CLANG_WARN__DUPLICATE_METHOD_MATCH = YES;
				COPY_PHASE_STRIP = NO;
				DEBUG_INFORMATION_FORMAT = dwarf;
				ENABLE_STRICT_OBJC_MSGSEND = YES;
				ENABLE_TESTABILITY = YES;
				GCC_C_LANGUAGE_STANDARD = gnu11;
				GCC_DYNAMIC_NO_PIC = NO;
				GCC_NO_COMMON_BLOCKS = YES;
				GCC_OPTIMIZATION_LEVEL = 0;
				GCC_PREPROCESSOR_DEFINITIONS = (
					"DEBUG=1",
					"$(inherited)",
				);
				GCC_WARN_64_TO_32_BIT_CONVERSION = YES;
				GCC_WARN_ABOUT_RETURN_TYPE = YES_ERROR;
				GCC_WARN_UNDECLARED_SELECTOR = YES;
				GCC_WARN_UNINITIALIZED_AUTOS = YES_AGGRESSIVE;
				GCC_WARN_UNUSED_FUNCTION = YES;
				GCC_WARN_UNUSED_VARIABLE = YES;
				IPHONEOS_DEPLOYMENT_TARGET = 13.1;
				MTL_ENABLE_DEBUG_INFO = INCLUDE_SOURCE;
				MTL_FAST_MATH = YES;
				ONLY_ACTIVE_ARCH = YES;
				SDKROOT = iphoneos;
				SWIFT_ACTIVE_COMPILATION_CONDITIONS = DEBUG;
				SWIFT_OPTIMIZATION_LEVEL = "-Onone";
			};
			name = Debug;
		};
		9E4CBF45235E1C1700E86182 /* Release */ = {
			isa = XCBuildConfiguration;
			buildSettings = {
				ALWAYS_SEARCH_USER_PATHS = NO;
				CLANG_ANALYZER_NONNULL = YES;
				CLANG_ANALYZER_NUMBER_OBJECT_CONVERSION = YES_AGGRESSIVE;
				CLANG_CXX_LANGUAGE_STANDARD = "gnu++14";
				CLANG_CXX_LIBRARY = "libc++";
				CLANG_ENABLE_MODULES = YES;
				CLANG_ENABLE_OBJC_ARC = YES;
				CLANG_ENABLE_OBJC_WEAK = YES;
				CLANG_WARN_BLOCK_CAPTURE_AUTORELEASING = YES;
				CLANG_WARN_BOOL_CONVERSION = YES;
				CLANG_WARN_COMMA = YES;
				CLANG_WARN_CONSTANT_CONVERSION = YES;
				CLANG_WARN_DEPRECATED_OBJC_IMPLEMENTATIONS = YES;
				CLANG_WARN_DIRECT_OBJC_ISA_USAGE = YES_ERROR;
				CLANG_WARN_DOCUMENTATION_COMMENTS = YES;
				CLANG_WARN_EMPTY_BODY = YES;
				CLANG_WARN_ENUM_CONVERSION = YES;
				CLANG_WARN_INFINITE_RECURSION = YES;
				CLANG_WARN_INT_CONVERSION = YES;
				CLANG_WARN_NON_LITERAL_NULL_CONVERSION = YES;
				CLANG_WARN_OBJC_IMPLICIT_RETAIN_SELF = YES;
				CLANG_WARN_OBJC_LITERAL_CONVERSION = YES;
				CLANG_WARN_OBJC_ROOT_CLASS = YES_ERROR;
				CLANG_WARN_RANGE_LOOP_ANALYSIS = YES;
				CLANG_WARN_STRICT_PROTOTYPES = YES;
				CLANG_WARN_SUSPICIOUS_MOVE = YES;
				CLANG_WARN_UNGUARDED_AVAILABILITY = YES_AGGRESSIVE;
				CLANG_WARN_UNREACHABLE_CODE = YES;
				CLANG_WARN__DUPLICATE_METHOD_MATCH = YES;
				COPY_PHASE_STRIP = NO;
				DEBUG_INFORMATION_FORMAT = "dwarf-with-dsym";
				ENABLE_NS_ASSERTIONS = NO;
				ENABLE_STRICT_OBJC_MSGSEND = YES;
				GCC_C_LANGUAGE_STANDARD = gnu11;
				GCC_NO_COMMON_BLOCKS = YES;
				GCC_WARN_64_TO_32_BIT_CONVERSION = YES;
				GCC_WARN_ABOUT_RETURN_TYPE = YES_ERROR;
				GCC_WARN_UNDECLARED_SELECTOR = YES;
				GCC_WARN_UNINITIALIZED_AUTOS = YES_AGGRESSIVE;
				GCC_WARN_UNUSED_FUNCTION = YES;
				GCC_WARN_UNUSED_VARIABLE = YES;
				IPHONEOS_DEPLOYMENT_TARGET = 13.1;
				MTL_ENABLE_DEBUG_INFO = NO;
				MTL_FAST_MATH = YES;
				SDKROOT = iphoneos;
				SWIFT_COMPILATION_MODE = wholemodule;
				SWIFT_OPTIMIZATION_LEVEL = "-O";
				VALIDATE_PRODUCT = YES;
			};
			name = Release;
		};
		9E4CBF47235E1C1700E86182 /* Debug */ = {
			isa = XCBuildConfiguration;
			buildSettings = {
				ASSETCATALOG_COMPILER_APPICON_NAME = AppIcon;
				CODE_SIGN_STYLE = Automatic;
				DEVELOPMENT_ASSET_PATHS = "\"WeRock/Preview Content\"";
				ENABLE_PREVIEWS = YES;
				INFOPLIST_FILE = WeRock/Info.plist;
				LD_RUNPATH_SEARCH_PATHS = (
					"$(inherited)",
					"@executable_path/Frameworks",
				);
				PRODUCT_BUNDLE_IDENTIFIER = com.appcompany.WeRock;
				PRODUCT_NAME = "$(TARGET_NAME)";
				SWIFT_VERSION = 5.0;
				TARGETED_DEVICE_FAMILY = "1,2";
			};
			name = Debug;
		};
		9E4CBF48235E1C1700E86182 /* Release */ = {
			isa = XCBuildConfiguration;
			buildSettings = {
				ASSETCATALOG_COMPILER_APPICON_NAME = AppIcon;
				CODE_SIGN_STYLE = Automatic;
				DEVELOPMENT_ASSET_PATHS = "\"WeRock/Preview Content\"";
				ENABLE_PREVIEWS = YES;
				INFOPLIST_FILE = WeRock/Info.plist;
				LD_RUNPATH_SEARCH_PATHS = (
					"$(inherited)",
					"@executable_path/Frameworks",
				);
				PRODUCT_BUNDLE_IDENTIFIER = com.appcompany.WeRock;
				PRODUCT_NAME = "$(TARGET_NAME)";
				SWIFT_VERSION = 5.0;
				TARGETED_DEVICE_FAMILY = "1,2";
			};
			name = Release;
		};
/* End XCBuildConfiguration section */

/* Begin XCConfigurationList section */
		9E4CBF2D235E1C1400E86182 /* Build configuration list for PBXProject "WeRock" */ = {
			isa = XCConfigurationList;
			buildConfigurations = (
				9E4CBF44235E1C1700E86182 /* Debug */,
				9E4CBF45235E1C1700E86182 /* Release */,
			);
			defaultConfigurationIsVisible = 0;
			defaultConfigurationName = Release;
		};
		9E4CBF46235E1C1700E86182 /* Build configuration list for PBXNativeTarget "WeRock" */ = {
			isa = XCConfigurationList;
			buildConfigurations = (
				9E4CBF47235E1C1700E86182 /* Debug */,
				9E4CBF48235E1C1700E86182 /* Release */,
			);
			defaultConfigurationIsVisible = 0;
			defaultConfigurationName = Release;
		};
/* End XCConfigurationList section */
	};
	rootObject = 9E4CBF2A235E1C1400E86182 /* Project object */;
}
